// !$*UTF8*$!
{
	archiveVersion = 1;
	classes = {
	};
	objectVersion = 52;
	objects = {

/* Begin PBXBuildFile section */
		9F2151DA262C6C8000DC5A88 /* NetworkClient.swift in Sources */ = {isa = PBXBuildFile; fileRef = 9F2151AC262C6C8000DC5A88 /* NetworkClient.swift */; };
		9F2151DB262C6C8000DC5A88 /* StateManager.swift in Sources */ = {isa = PBXBuildFile; fileRef = 9F2151AD262C6C8000DC5A88 /* StateManager.swift */; };
		9F2151DC262C6C8000DC5A88 /* QueryManager.swift in Sources */ = {isa = PBXBuildFile; fileRef = 9F2151AE262C6C8000DC5A88 /* QueryManager.swift */; };
		9F2151DD262C6C8000DC5A88 /* Account.swift in Sources */ = {isa = PBXBuildFile; fileRef = 9F2151B0262C6C8000DC5A88 /* Account.swift */; };
		9F2151DE262C6C8000DC5A88 /* Tools.swift in Sources */ = {isa = PBXBuildFile; fileRef = 9F2151B1262C6C8000DC5A88 /* Tools.swift */; };
		9F2151DF262C6C8000DC5A88 /* StorageClient.swift in Sources */ = {isa = PBXBuildFile; fileRef = 9F2151B2262C6C8000DC5A88 /* StorageClient.swift */; };
		9F2151E0262C6C8000DC5A88 /* README.md in Resources */ = {isa = PBXBuildFile; fileRef = 9F2151B3262C6C8000DC5A88 /* README.md */; };
		9F2151E1262C6C8000DC5A88 /* LICENSE in Resources */ = {isa = PBXBuildFile; fileRef = 9F2151B4262C6C8000DC5A88 /* LICENSE */; };
		9F2151E2262C6C8000DC5A88 /* private-messages-transactions.mov in Resources */ = {isa = PBXBuildFile; fileRef = 9F2151B6262C6C8000DC5A88 /* private-messages-transactions.mov */; };
		9F2151E3262C6C8000DC5A88 /* account_connections_universe_center_zoom.png in Resources */ = {isa = PBXBuildFile; fileRef = 9F2151B7262C6C8000DC5A88 /* account_connections_universe_center_zoom.png */; };
		9F2151E4262C6C8000DC5A88 /* bitcoinExchange_transactions_by_accounts.csv in Resources */ = {isa = PBXBuildFile; fileRef = 9F2151B8262C6C8000DC5A88 /* bitcoinExchange_transactions_by_accounts.csv */; };
		9F2151E5262C6C8000DC5A88 /* account_connections_maybe_bot_cluster.png in Resources */ = {isa = PBXBuildFile; fileRef = 9F2151B9262C6C8000DC5A88 /* account_connections_maybe_bot_cluster.png */; };
		9F2151E6262C6C8000DC5A88 /* reserved-names-from-#0-to-#2500.txt in Resources */ = {isa = PBXBuildFile; fileRef = 9F2151BA262C6C8000DC5A88 /* reserved-names-from-#0-to-#2500.txt */; };
		9F2151E7262C6C8000DC5A88 /* account_connections_edges.csv in Resources */ = {isa = PBXBuildFile; fileRef = 9F2151BB262C6C8000DC5A88 /* account_connections_edges.csv */; };
		9F2151E8262C6C8000DC5A88 /* message_transactions_nodes.csv in Resources */ = {isa = PBXBuildFile; fileRef = 9F2151BC262C6C8000DC5A88 /* message_transactions_nodes.csv */; };
		9F2151E9262C6C8000DC5A88 /* blockReward_transactions_by_accounts.csv in Resources */ = {isa = PBXBuildFile; fileRef = 9F2151BD262C6C8000DC5A88 /* blockReward_transactions_by_accounts.csv */; };
		9F2151EA262C6C8000DC5A88 /* account_connections_maybe_bot_cluster_connected.png in Resources */ = {isa = PBXBuildFile; fileRef = 9F2151BE262C6C8000DC5A88 /* account_connections_maybe_bot_cluster_connected.png */; };
		9F2151EB262C6C8000DC5A88 /* account_connections_maybe_bot_chain.png in Resources */ = {isa = PBXBuildFile; fileRef = 9F2151BF262C6C8000DC5A88 /* account_connections_maybe_bot_chain.png */; };
		9F2151EC262C6C8000DC5A88 /* private-messages-transactions.png in Resources */ = {isa = PBXBuildFile; fileRef = 9F2151C0262C6C8000DC5A88 /* private-messages-transactions.png */; };
		9F2151ED262C6C8000DC5A88 /* account_connections_universe_center.png in Resources */ = {isa = PBXBuildFile; fileRef = 9F2151C1262C6C8000DC5A88 /* account_connections_universe_center.png */; };
		9F2151EE262C6C8000DC5A88 /* account_connections_maybe_bot_cluster_isolated.png in Resources */ = {isa = PBXBuildFile; fileRef = 9F2151C2262C6C8000DC5A88 /* account_connections_maybe_bot_cluster_isolated.png */; };
		9F2151EF262C6C8000DC5A88 /* account_connections_nodes.csv in Resources */ = {isa = PBXBuildFile; fileRef = 9F2151C3262C6C8000DC5A88 /* account_connections_nodes.csv */; };
		9F2151F0262C6C8000DC5A88 /* BlockHeader.swift in Sources */ = {isa = PBXBuildFile; fileRef = 9F2151C6262C6C8000DC5A88 /* BlockHeader.swift */; };
		9F2151F1262C6C8000DC5A88 /* Block.swift in Sources */ = {isa = PBXBuildFile; fileRef = 9F2151C7262C6C8000DC5A88 /* Block.swift */; };
		9F2151F2262C6C8000DC5A88 /* TransactionOutput.swift in Sources */ = {isa = PBXBuildFile; fileRef = 9F2151C8262C6C8000DC5A88 /* TransactionOutput.swift */; };
		9F2151F3262C6C8000DC5A88 /* TransactionInput.swift in Sources */ = {isa = PBXBuildFile; fileRef = 9F2151C9262C6C8000DC5A88 /* TransactionInput.swift */; };
		9F2151F4262C6C8000DC5A88 /* TransactionMetadata.swift in Sources */ = {isa = PBXBuildFile; fileRef = 9F2151CA262C6C8000DC5A88 /* TransactionMetadata.swift */; };
		9F2151F5262C6C8000DC5A88 /* PublicKeyMetadata.swift in Sources */ = {isa = PBXBuildFile; fileRef = 9F2151CB262C6C8000DC5A88 /* PublicKeyMetadata.swift */; };
		9F2151F6262C6C8000DC5A88 /* Transaction.swift in Sources */ = {isa = PBXBuildFile; fileRef = 9F2151CC262C6C8000DC5A88 /* Transaction.swift */; };
		9F2151F7262C6C8000DC5A88 /* BitcoinExchangeMetadata.swift in Sources */ = {isa = PBXBuildFile; fileRef = 9F2151CE262C6C8000DC5A88 /* BitcoinExchangeMetadata.swift */; };
		9F2151F8262C6C8000DC5A88 /* CreatorCoinMetadata.swift in Sources */ = {isa = PBXBuildFile; fileRef = 9F2151CF262C6C8000DC5A88 /* CreatorCoinMetadata.swift */; };
		9F2151F9262C6C8000DC5A88 /* LikeMetadata.swift in Sources */ = {isa = PBXBuildFile; fileRef = 9F2151D0262C6C8000DC5A88 /* LikeMetadata.swift */; };
		9F2151FA262C6C8000DC5A88 /* BasicTransferMetadata.swift in Sources */ = {isa = PBXBuildFile; fileRef = 9F2151D1262C6C8000DC5A88 /* BasicTransferMetadata.swift */; };
		9F2151FB262C6C8000DC5A88 /* UpdateProfileMetadata.swift in Sources */ = {isa = PBXBuildFile; fileRef = 9F2151D2262C6C8000DC5A88 /* UpdateProfileMetadata.swift */; };
		9F2151FC262C6C8000DC5A88 /* SubmitPostMetadata.swift in Sources */ = {isa = PBXBuildFile; fileRef = 9F2151D3262C6C8000DC5A88 /* SubmitPostMetadata.swift */; };
		9F2151FD262C6C8000DC5A88 /* FollowMetadata.swift in Sources */ = {isa = PBXBuildFile; fileRef = 9F2151D4262C6C8000DC5A88 /* FollowMetadata.swift */; };
		9F2151FE262C6C8000DC5A88 /* PrivateMessageMetadata.swift in Sources */ = {isa = PBXBuildFile; fileRef = 9F2151D5262C6C8000DC5A88 /* PrivateMessageMetadata.swift */; };
		9F2151FF262C6C8000DC5A88 /* SwapIdentityMetadata.swift in Sources */ = {isa = PBXBuildFile; fileRef = 9F2151D6262C6C8000DC5A88 /* SwapIdentityMetadata.swift */; };
		9F215200262C6C8000DC5A88 /* Screenshot.png in Resources */ = {isa = PBXBuildFile; fileRef = 9F2151D8262C6C8000DC5A88 /* Screenshot.png */; };
		9F215201262C6C8000DC5A88 /* public_key_connections.gif in Resources */ = {isa = PBXBuildFile; fileRef = 9F2151D9262C6C8000DC5A88 /* public_key_connections.gif */; };
		9F79919F262204070000FB1E /* LudoClout in Frameworks */ = {isa = PBXBuildFile; productRef = 9F79919E262204070000FB1E /* LudoClout */; };
		9F9808A226209A2300269A6B /* AppDelegate.swift in Sources */ = {isa = PBXBuildFile; fileRef = 9F9808A126209A2300269A6B /* AppDelegate.swift */; };
		9F9808A426209A2300269A6B /* SceneDelegate.swift in Sources */ = {isa = PBXBuildFile; fileRef = 9F9808A326209A2300269A6B /* SceneDelegate.swift */; };
		9F9808A626209A2300269A6B /* ViewController.swift in Sources */ = {isa = PBXBuildFile; fileRef = 9F9808A526209A2300269A6B /* ViewController.swift */; };
		9F9808A926209A2300269A6B /* Main.storyboard in Resources */ = {isa = PBXBuildFile; fileRef = 9F9808A726209A2300269A6B /* Main.storyboard */; };
		9F9808AB26209A2300269A6B /* Assets.xcassets in Resources */ = {isa = PBXBuildFile; fileRef = 9F9808AA26209A2300269A6B /* Assets.xcassets */; };
		9F9808AE26209A2300269A6B /* LaunchScreen.storyboard in Resources */ = {isa = PBXBuildFile; fileRef = 9F9808AC26209A2300269A6B /* LaunchScreen.storyboard */; };
		9F9808BA2620B72F00269A6B /* DemoPrototypeCell.swift in Sources */ = {isa = PBXBuildFile; fileRef = 9F9808B92620B72F00269A6B /* DemoPrototypeCell.swift */; };
/* End PBXBuildFile section */

/* Begin PBXCopyFilesBuildPhase section */
		9F1526822620DEDC00E4B453 /* Embed Frameworks */ = {
			isa = PBXCopyFilesBuildPhase;
			buildActionMask = 2147483647;
			dstPath = "";
			dstSubfolderSpec = 10;
			files = (
			);
			name = "Embed Frameworks";
			runOnlyForDeploymentPostprocessing = 0;
		};
/* End PBXCopyFilesBuildPhase section */

/* Begin PBXFileReference section */
		9F2151AC262C6C8000DC5A88 /* NetworkClient.swift */ = {isa = PBXFileReference; fileEncoding = 4; lastKnownFileType = sourcecode.swift; path = NetworkClient.swift; sourceTree = "<group>"; };
		9F2151AD262C6C8000DC5A88 /* StateManager.swift */ = {isa = PBXFileReference; fileEncoding = 4; lastKnownFileType = sourcecode.swift; path = StateManager.swift; sourceTree = "<group>"; };
		9F2151AE262C6C8000DC5A88 /* QueryManager.swift */ = {isa = PBXFileReference; fileEncoding = 4; lastKnownFileType = sourcecode.swift; path = QueryManager.swift; sourceTree = "<group>"; };
		9F2151B0262C6C8000DC5A88 /* Account.swift */ = {isa = PBXFileReference; fileEncoding = 4; lastKnownFileType = sourcecode.swift; path = Account.swift; sourceTree = "<group>"; };
		9F2151B1262C6C8000DC5A88 /* Tools.swift */ = {isa = PBXFileReference; fileEncoding = 4; lastKnownFileType = sourcecode.swift; path = Tools.swift; sourceTree = "<group>"; };
		9F2151B2262C6C8000DC5A88 /* StorageClient.swift */ = {isa = PBXFileReference; fileEncoding = 4; lastKnownFileType = sourcecode.swift; path = StorageClient.swift; sourceTree = "<group>"; };
		9F2151B3262C6C8000DC5A88 /* README.md */ = {isa = PBXFileReference; fileEncoding = 4; lastKnownFileType = net.daringfireball.markdown; name = README.md; path = "../../../My Mac (MacBook-Pro.local)/Downloads/BitClout-main 2/README.md"; sourceTree = "<group>"; };
		9F2151B4262C6C8000DC5A88 /* LICENSE */ = {isa = PBXFileReference; fileEncoding = 4; lastKnownFileType = text; name = LICENSE; path = "../../../My Mac (MacBook-Pro.local)/Downloads/BitClout-main 2/LICENSE"; sourceTree = "<group>"; };
		9F2151B6262C6C8000DC5A88 /* private-messages-transactions.mov */ = {isa = PBXFileReference; lastKnownFileType = video.quicktime; path = "private-messages-transactions.mov"; sourceTree = "<group>"; };
		9F2151B7262C6C8000DC5A88 /* account_connections_universe_center_zoom.png */ = {isa = PBXFileReference; lastKnownFileType = image.png; path = account_connections_universe_center_zoom.png; sourceTree = "<group>"; };
		9F2151B8262C6C8000DC5A88 /* bitcoinExchange_transactions_by_accounts.csv */ = {isa = PBXFileReference; fileEncoding = 4; lastKnownFileType = text; path = bitcoinExchange_transactions_by_accounts.csv; sourceTree = "<group>"; };
		9F2151B9262C6C8000DC5A88 /* account_connections_maybe_bot_cluster.png */ = {isa = PBXFileReference; lastKnownFileType = image.png; path = account_connections_maybe_bot_cluster.png; sourceTree = "<group>"; };
		9F2151BA262C6C8000DC5A88 /* reserved-names-from-#0-to-#2500.txt */ = {isa = PBXFileReference; fileEncoding = 4; lastKnownFileType = text; path = "reserved-names-from-#0-to-#2500.txt"; sourceTree = "<group>"; };
		9F2151BB262C6C8000DC5A88 /* account_connections_edges.csv */ = {isa = PBXFileReference; fileEncoding = 4; lastKnownFileType = text; path = account_connections_edges.csv; sourceTree = "<group>"; };
		9F2151BC262C6C8000DC5A88 /* message_transactions_nodes.csv */ = {isa = PBXFileReference; fileEncoding = 4; lastKnownFileType = text; path = message_transactions_nodes.csv; sourceTree = "<group>"; };
		9F2151BD262C6C8000DC5A88 /* blockReward_transactions_by_accounts.csv */ = {isa = PBXFileReference; fileEncoding = 4; lastKnownFileType = text; path = blockReward_transactions_by_accounts.csv; sourceTree = "<group>"; };
		9F2151BE262C6C8000DC5A88 /* account_connections_maybe_bot_cluster_connected.png */ = {isa = PBXFileReference; lastKnownFileType = image.png; path = account_connections_maybe_bot_cluster_connected.png; sourceTree = "<group>"; };
		9F2151BF262C6C8000DC5A88 /* account_connections_maybe_bot_chain.png */ = {isa = PBXFileReference; lastKnownFileType = image.png; path = account_connections_maybe_bot_chain.png; sourceTree = "<group>"; };
		9F2151C0262C6C8000DC5A88 /* private-messages-transactions.png */ = {isa = PBXFileReference; lastKnownFileType = image.png; path = "private-messages-transactions.png"; sourceTree = "<group>"; };
		9F2151C1262C6C8000DC5A88 /* account_connections_universe_center.png */ = {isa = PBXFileReference; lastKnownFileType = image.png; path = account_connections_universe_center.png; sourceTree = "<group>"; };
		9F2151C2262C6C8000DC5A88 /* account_connections_maybe_bot_cluster_isolated.png */ = {isa = PBXFileReference; lastKnownFileType = image.png; path = account_connections_maybe_bot_cluster_isolated.png; sourceTree = "<group>"; };
		9F2151C3262C6C8000DC5A88 /* account_connections_nodes.csv */ = {isa = PBXFileReference; fileEncoding = 4; lastKnownFileType = text; path = account_connections_nodes.csv; sourceTree = "<group>"; };
		9F2151C6262C6C8000DC5A88 /* BlockHeader.swift */ = {isa = PBXFileReference; fileEncoding = 4; lastKnownFileType = sourcecode.swift; path = BlockHeader.swift; sourceTree = "<group>"; };
		9F2151C7262C6C8000DC5A88 /* Block.swift */ = {isa = PBXFileReference; fileEncoding = 4; lastKnownFileType = sourcecode.swift; path = Block.swift; sourceTree = "<group>"; };
		9F2151C8262C6C8000DC5A88 /* TransactionOutput.swift */ = {isa = PBXFileReference; fileEncoding = 4; lastKnownFileType = sourcecode.swift; path = TransactionOutput.swift; sourceTree = "<group>"; };
		9F2151C9262C6C8000DC5A88 /* TransactionInput.swift */ = {isa = PBXFileReference; fileEncoding = 4; lastKnownFileType = sourcecode.swift; path = TransactionInput.swift; sourceTree = "<group>"; };
		9F2151CA262C6C8000DC5A88 /* TransactionMetadata.swift */ = {isa = PBXFileReference; fileEncoding = 4; lastKnownFileType = sourcecode.swift; path = TransactionMetadata.swift; sourceTree = "<group>"; };
		9F2151CB262C6C8000DC5A88 /* PublicKeyMetadata.swift */ = {isa = PBXFileReference; fileEncoding = 4; lastKnownFileType = sourcecode.swift; path = PublicKeyMetadata.swift; sourceTree = "<group>"; };
		9F2151CC262C6C8000DC5A88 /* Transaction.swift */ = {isa = PBXFileReference; fileEncoding = 4; lastKnownFileType = sourcecode.swift; path = Transaction.swift; sourceTree = "<group>"; };
		9F2151CE262C6C8000DC5A88 /* BitcoinExchangeMetadata.swift */ = {isa = PBXFileReference; fileEncoding = 4; lastKnownFileType = sourcecode.swift; path = BitcoinExchangeMetadata.swift; sourceTree = "<group>"; };
		9F2151CF262C6C8000DC5A88 /* CreatorCoinMetadata.swift */ = {isa = PBXFileReference; fileEncoding = 4; lastKnownFileType = sourcecode.swift; path = CreatorCoinMetadata.swift; sourceTree = "<group>"; };
		9F2151D0262C6C8000DC5A88 /* LikeMetadata.swift */ = {isa = PBXFileReference; fileEncoding = 4; lastKnownFileType = sourcecode.swift; path = LikeMetadata.swift; sourceTree = "<group>"; };
		9F2151D1262C6C8000DC5A88 /* BasicTransferMetadata.swift */ = {isa = PBXFileReference; fileEncoding = 4; lastKnownFileType = sourcecode.swift; path = BasicTransferMetadata.swift; sourceTree = "<group>"; };
		9F2151D2262C6C8000DC5A88 /* UpdateProfileMetadata.swift */ = {isa = PBXFileReference; fileEncoding = 4; lastKnownFileType = sourcecode.swift; path = UpdateProfileMetadata.swift; sourceTree = "<group>"; };
		9F2151D3262C6C8000DC5A88 /* SubmitPostMetadata.swift */ = {isa = PBXFileReference; fileEncoding = 4; lastKnownFileType = sourcecode.swift; path = SubmitPostMetadata.swift; sourceTree = "<group>"; };
		9F2151D4262C6C8000DC5A88 /* FollowMetadata.swift */ = {isa = PBXFileReference; fileEncoding = 4; lastKnownFileType = sourcecode.swift; path = FollowMetadata.swift; sourceTree = "<group>"; };
		9F2151D5262C6C8000DC5A88 /* PrivateMessageMetadata.swift */ = {isa = PBXFileReference; fileEncoding = 4; lastKnownFileType = sourcecode.swift; path = PrivateMessageMetadata.swift; sourceTree = "<group>"; };
		9F2151D6262C6C8000DC5A88 /* SwapIdentityMetadata.swift */ = {isa = PBXFileReference; fileEncoding = 4; lastKnownFileType = sourcecode.swift; path = SwapIdentityMetadata.swift; sourceTree = "<group>"; };
		9F2151D8262C6C8000DC5A88 /* Screenshot.png */ = {isa = PBXFileReference; lastKnownFileType = image.png; path = Screenshot.png; sourceTree = "<group>"; };
		9F2151D9262C6C8000DC5A88 /* public_key_connections.gif */ = {isa = PBXFileReference; lastKnownFileType = image.gif; path = public_key_connections.gif; sourceTree = "<group>"; };
		9F98089E26209A2300269A6B /* robinclout.app */ = {isa = PBXFileReference; explicitFileType = wrapper.application; includeInIndex = 0; path = robinclout.app; sourceTree = BUILT_PRODUCTS_DIR; };
		9F9808A126209A2300269A6B /* AppDelegate.swift */ = {isa = PBXFileReference; lastKnownFileType = sourcecode.swift; path = AppDelegate.swift; sourceTree = "<group>"; };
		9F9808A326209A2300269A6B /* SceneDelegate.swift */ = {isa = PBXFileReference; lastKnownFileType = sourcecode.swift; path = SceneDelegate.swift; sourceTree = "<group>"; };
		9F9808A526209A2300269A6B /* ViewController.swift */ = {isa = PBXFileReference; lastKnownFileType = sourcecode.swift; path = ViewController.swift; sourceTree = "<group>"; };
		9F9808A826209A2300269A6B /* Base */ = {isa = PBXFileReference; lastKnownFileType = file.storyboard; name = Base; path = Base.lproj/Main.storyboard; sourceTree = "<group>"; };
		9F9808AA26209A2300269A6B /* Assets.xcassets */ = {isa = PBXFileReference; lastKnownFileType = folder.assetcatalog; path = Assets.xcassets; sourceTree = "<group>"; };
		9F9808AD26209A2300269A6B /* Base */ = {isa = PBXFileReference; lastKnownFileType = file.storyboard; name = Base; path = Base.lproj/LaunchScreen.storyboard; sourceTree = "<group>"; };
		9F9808AF26209A2300269A6B /* Info.plist */ = {isa = PBXFileReference; lastKnownFileType = text.plist.xml; path = Info.plist; sourceTree = "<group>"; };
		9F9808B92620B72F00269A6B /* DemoPrototypeCell.swift */ = {isa = PBXFileReference; lastKnownFileType = sourcecode.swift; path = DemoPrototypeCell.swift; sourceTree = "<group>"; };
/* End PBXFileReference section */

/* Begin PBXFrameworksBuildPhase section */
		9F98089B26209A2300269A6B /* Frameworks */ = {
			isa = PBXFrameworksBuildPhase;
			buildActionMask = 2147483647;
			files = (
				9F79919F262204070000FB1E /* LudoClout in Frameworks */,
			);
			runOnlyForDeploymentPostprocessing = 0;
		};
/* End PBXFrameworksBuildPhase section */

/* Begin PBXGroup section */
		9F15267F2620DEDC00E4B453 /* Frameworks */ = {
			isa = PBXGroup;
			children = (
			);
			name = Frameworks;
			sourceTree = "<group>";
		};
		9F2151AB262C6C8000DC5A88 /* Shared */ = {
			isa = PBXGroup;
			children = (
				9F2151AC262C6C8000DC5A88 /* NetworkClient.swift */,
				9F2151AD262C6C8000DC5A88 /* StateManager.swift */,
				9F2151AE262C6C8000DC5A88 /* QueryManager.swift */,
				9F2151AF262C6C8000DC5A88 /* InternalDataModel */,
				9F2151B1262C6C8000DC5A88 /* Tools.swift */,
				9F2151B2262C6C8000DC5A88 /* StorageClient.swift */,
			);
			name = Shared;
			path = "../../../My Mac (MacBook-Pro.local)/Downloads/BitClout-main 2/Shared";
			sourceTree = "<group>";
		};
		9F2151AF262C6C8000DC5A88 /* InternalDataModel */ = {
			isa = PBXGroup;
			children = (
				9F2151B0262C6C8000DC5A88 /* Account.swift */,
			);
			path = InternalDataModel;
			sourceTree = "<group>";
		};
		9F2151B5262C6C8000DC5A88 /* Analytics */ = {
			isa = PBXGroup;
			children = (
				9F2151B6262C6C8000DC5A88 /* private-messages-transactions.mov */,
				9F2151B7262C6C8000DC5A88 /* account_connections_universe_center_zoom.png */,
				9F2151B8262C6C8000DC5A88 /* bitcoinExchange_transactions_by_accounts.csv */,
				9F2151B9262C6C8000DC5A88 /* account_connections_maybe_bot_cluster.png */,
				9F2151BA262C6C8000DC5A88 /* reserved-names-from-#0-to-#2500.txt */,
				9F2151BB262C6C8000DC5A88 /* account_connections_edges.csv */,
				9F2151BC262C6C8000DC5A88 /* message_transactions_nodes.csv */,
				9F2151BD262C6C8000DC5A88 /* blockReward_transactions_by_accounts.csv */,
				9F2151BE262C6C8000DC5A88 /* account_connections_maybe_bot_cluster_connected.png */,
				9F2151BF262C6C8000DC5A88 /* account_connections_maybe_bot_chain.png */,
				9F2151C0262C6C8000DC5A88 /* private-messages-transactions.png */,
				9F2151C1262C6C8000DC5A88 /* account_connections_universe_center.png */,
				9F2151C2262C6C8000DC5A88 /* account_connections_maybe_bot_cluster_isolated.png */,
				9F2151C3262C6C8000DC5A88 /* account_connections_nodes.csv */,
			);
			name = Analytics;
			path = "../../../My Mac (MacBook-Pro.local)/Downloads/BitClout-main 2/Analytics";
			sourceTree = "<group>";
		};
		9F2151C4262C6C8000DC5A88 /* Blockchain */ = {
			isa = PBXGroup;
			children = (
				9F2151C5262C6C8000DC5A88 /* DataModel */,
			);
			name = Blockchain;
			path = "../../../My Mac (MacBook-Pro.local)/Downloads/BitClout-main 2/Blockchain";
			sourceTree = "<group>";
		};
		9F2151C5262C6C8000DC5A88 /* DataModel */ = {
			isa = PBXGroup;
			children = (
				9F2151C6262C6C8000DC5A88 /* BlockHeader.swift */,
				9F2151C7262C6C8000DC5A88 /* Block.swift */,
				9F2151C8262C6C8000DC5A88 /* TransactionOutput.swift */,
				9F2151C9262C6C8000DC5A88 /* TransactionInput.swift */,
				9F2151CA262C6C8000DC5A88 /* TransactionMetadata.swift */,
				9F2151CB262C6C8000DC5A88 /* PublicKeyMetadata.swift */,
				9F2151CC262C6C8000DC5A88 /* Transaction.swift */,
				9F2151CD262C6C8000DC5A88 /* Metadata */,
			);
			path = DataModel;
			sourceTree = "<group>";
		};
		9F2151CD262C6C8000DC5A88 /* Metadata */ = {
			isa = PBXGroup;
			children = (
				9F2151CE262C6C8000DC5A88 /* BitcoinExchangeMetadata.swift */,
				9F2151CF262C6C8000DC5A88 /* CreatorCoinMetadata.swift */,
				9F2151D0262C6C8000DC5A88 /* LikeMetadata.swift */,
				9F2151D1262C6C8000DC5A88 /* BasicTransferMetadata.swift */,
				9F2151D2262C6C8000DC5A88 /* UpdateProfileMetadata.swift */,
				9F2151D3262C6C8000DC5A88 /* SubmitPostMetadata.swift */,
				9F2151D4262C6C8000DC5A88 /* FollowMetadata.swift */,
				9F2151D5262C6C8000DC5A88 /* PrivateMessageMetadata.swift */,
				9F2151D6262C6C8000DC5A88 /* SwapIdentityMetadata.swift */,
			);
			path = Metadata;
			sourceTree = "<group>";
		};
		9F2151D7262C6C8000DC5A88 /* Docs */ = {
			isa = PBXGroup;
			children = (
				9F2151D8262C6C8000DC5A88 /* Screenshot.png */,
				9F2151D9262C6C8000DC5A88 /* public_key_connections.gif */,
			);
			name = Docs;
			path = "../../../My Mac (MacBook-Pro.local)/Downloads/BitClout-main 2/Docs";
			sourceTree = "<group>";
		};
		9F98089526209A2300269A6B = {
			isa = PBXGroup;
			children = (
				9F9808A026209A2300269A6B /* robinclout */,
				9F98089F26209A2300269A6B /* Products */,
				9F15267F2620DEDC00E4B453 /* Frameworks */,
			);
			sourceTree = "<group>";
		};
		9F98089F26209A2300269A6B /* Products */ = {
			isa = PBXGroup;
			children = (
				9F98089E26209A2300269A6B /* robinclout.app */,
			);
			name = Products;
			sourceTree = "<group>";
		};
		9F9808A026209A2300269A6B /* robinclout */ = {
			isa = PBXGroup;
			children = (
				9F2151B5262C6C8000DC5A88 /* Analytics */,
				9F2151C4262C6C8000DC5A88 /* Blockchain */,
				9F2151D7262C6C8000DC5A88 /* Docs */,
				9F2151B4262C6C8000DC5A88 /* LICENSE */,
				9F2151B3262C6C8000DC5A88 /* README.md */,
				9F2151AB262C6C8000DC5A88 /* Shared */,
				9F9808A126209A2300269A6B /* AppDelegate.swift */,
				9F9808A326209A2300269A6B /* SceneDelegate.swift */,
				9F9808A526209A2300269A6B /* ViewController.swift */,
				9F9808A726209A2300269A6B /* Main.storyboard */,
				9F9808B92620B72F00269A6B /* DemoPrototypeCell.swift */,
				9F9808AA26209A2300269A6B /* Assets.xcassets */,
				9F9808AC26209A2300269A6B /* LaunchScreen.storyboard */,
				9F9808AF26209A2300269A6B /* Info.plist */,
			);
			path = robinclout;
			sourceTree = "<group>";
		};
/* End PBXGroup section */

/* Begin PBXNativeTarget section */
		9F98089D26209A2300269A6B /* robinclout */ = {
			isa = PBXNativeTarget;
			buildConfigurationList = 9F9808B226209A2300269A6B /* Build configuration list for PBXNativeTarget "robinclout" */;
			buildPhases = (
				9F98089A26209A2300269A6B /* Sources */,
				9F98089B26209A2300269A6B /* Frameworks */,
				9F98089C26209A2300269A6B /* Resources */,
				9F1526822620DEDC00E4B453 /* Embed Frameworks */,
			);
			buildRules = (
			);
			dependencies = (
			);
			name = robinclout;
			packageProductDependencies = (
				9F79919E262204070000FB1E /* LudoClout */,
			);
			productName = robinclout;
			productReference = 9F98089E26209A2300269A6B /* robinclout.app */;
			productType = "com.apple.product-type.application";
		};
/* End PBXNativeTarget section */

/* Begin PBXProject section */
		9F98089626209A2300269A6B /* Project object */ = {
			isa = PBXProject;
			attributes = {
				LastSwiftUpdateCheck = 1240;
				LastUpgradeCheck = 1240;
				TargetAttributes = {
					9F98089D26209A2300269A6B = {
						CreatedOnToolsVersion = 12.4;
					};
				};
			};
			buildConfigurationList = 9F98089926209A2300269A6B /* Build configuration list for PBXProject "robinclout" */;
			compatibilityVersion = "Xcode 9.3";
			developmentRegion = en;
			hasScannedForEncodings = 0;
			knownRegions = (
				en,
				Base,
			);
			mainGroup = 9F98089526209A2300269A6B;
			packageReferences = (
				9F79919D262204070000FB1E /* XCRemoteSwiftPackageReference "ludoclout" */,
			);
			productRefGroup = 9F98089F26209A2300269A6B /* Products */;
			projectDirPath = "";
			projectRoot = "";
			targets = (
				9F98089D26209A2300269A6B /* robinclout */,
			);
		};
/* End PBXProject section */

/* Begin PBXResourcesBuildPhase section */
		9F98089C26209A2300269A6B /* Resources */ = {
			isa = PBXResourcesBuildPhase;
			buildActionMask = 2147483647;
			files = (
				9F2151EF262C6C8000DC5A88 /* account_connections_nodes.csv in Resources */,
				9F2151ED262C6C8000DC5A88 /* account_connections_universe_center.png in Resources */,
				9F9808AE26209A2300269A6B /* LaunchScreen.storyboard in Resources */,
				9F215201262C6C8000DC5A88 /* public_key_connections.gif in Resources */,
				9F2151E8262C6C8000DC5A88 /* message_transactions_nodes.csv in Resources */,
				9F2151E2262C6C8000DC5A88 /* private-messages-transactions.mov in Resources */,
				9F2151E6262C6C8000DC5A88 /* reserved-names-from-#0-to-#2500.txt in Resources */,
				9F2151E4262C6C8000DC5A88 /* bitcoinExchange_transactions_by_accounts.csv in Resources */,
				9F2151EE262C6C8000DC5A88 /* account_connections_maybe_bot_cluster_isolated.png in Resources */,
				9F2151E9262C6C8000DC5A88 /* blockReward_transactions_by_accounts.csv in Resources */,
				9F9808AB26209A2300269A6B /* Assets.xcassets in Resources */,
				9F2151E0262C6C8000DC5A88 /* README.md in Resources */,
				9F2151E7262C6C8000DC5A88 /* account_connections_edges.csv in Resources */,
				9F2151E5262C6C8000DC5A88 /* account_connections_maybe_bot_cluster.png in Resources */,
				9F9808A926209A2300269A6B /* Main.storyboard in Resources */,
				9F2151EB262C6C8000DC5A88 /* account_connections_maybe_bot_chain.png in Resources */,
				9F2151E1262C6C8000DC5A88 /* LICENSE in Resources */,
				9F2151E3262C6C8000DC5A88 /* account_connections_universe_center_zoom.png in Resources */,
				9F2151EC262C6C8000DC5A88 /* private-messages-transactions.png in Resources */,
				9F2151EA262C6C8000DC5A88 /* account_connections_maybe_bot_cluster_connected.png in Resources */,
				9F215200262C6C8000DC5A88 /* Screenshot.png in Resources */,
			);
			runOnlyForDeploymentPostprocessing = 0;
		};
/* End PBXResourcesBuildPhase section */

/* Begin PBXSourcesBuildPhase section */
		9F98089A26209A2300269A6B /* Sources */ = {
			isa = PBXSourcesBuildPhase;
			buildActionMask = 2147483647;
			files = (
				9F2151DC262C6C8000DC5A88 /* QueryManager.swift in Sources */,
				9F9808A626209A2300269A6B /* ViewController.swift in Sources */,
				9F2151F7262C6C8000DC5A88 /* BitcoinExchangeMetadata.swift in Sources */,
				9F2151DA262C6C8000DC5A88 /* NetworkClient.swift in Sources */,
				9F2151F3262C6C8000DC5A88 /* TransactionInput.swift in Sources */,
				9F2151FF262C6C8000DC5A88 /* SwapIdentityMetadata.swift in Sources */,
				9F2151FA262C6C8000DC5A88 /* BasicTransferMetadata.swift in Sources */,
				9F9808BA2620B72F00269A6B /* DemoPrototypeCell.swift in Sources */,
				9F2151FB262C6C8000DC5A88 /* UpdateProfileMetadata.swift in Sources */,
				9F2151F2262C6C8000DC5A88 /* TransactionOutput.swift in Sources */,
				9F2151F6262C6C8000DC5A88 /* Transaction.swift in Sources */,
				9F2151DF262C6C8000DC5A88 /* StorageClient.swift in Sources */,
				9F2151FD262C6C8000DC5A88 /* FollowMetadata.swift in Sources */,
				9F2151F8262C6C8000DC5A88 /* CreatorCoinMetadata.swift in Sources */,
				9F2151F0262C6C8000DC5A88 /* BlockHeader.swift in Sources */,
				9F2151DB262C6C8000DC5A88 /* StateManager.swift in Sources */,
				9F2151DD262C6C8000DC5A88 /* Account.swift in Sources */,
				9F2151DE262C6C8000DC5A88 /* Tools.swift in Sources */,
				9F2151F5262C6C8000DC5A88 /* PublicKeyMetadata.swift in Sources */,
				9F2151F1262C6C8000DC5A88 /* Block.swift in Sources */,
				9F2151F4262C6C8000DC5A88 /* TransactionMetadata.swift in Sources */,
				9F9808A226209A2300269A6B /* AppDelegate.swift in Sources */,
				9F2151FC262C6C8000DC5A88 /* SubmitPostMetadata.swift in Sources */,
				9F9808A426209A2300269A6B /* SceneDelegate.swift in Sources */,
				9F2151FE262C6C8000DC5A88 /* PrivateMessageMetadata.swift in Sources */,
				9F2151F9262C6C8000DC5A88 /* LikeMetadata.swift in Sources */,
			);
			runOnlyForDeploymentPostprocessing = 0;
		};
/* End PBXSourcesBuildPhase section */

/* Begin PBXVariantGroup section */
		9F9808A726209A2300269A6B /* Main.storyboard */ = {
			isa = PBXVariantGroup;
			children = (
				9F9808A826209A2300269A6B /* Base */,
			);
			name = Main.storyboard;
			sourceTree = "<group>";
		};
		9F9808AC26209A2300269A6B /* LaunchScreen.storyboard */ = {
			isa = PBXVariantGroup;
			children = (
				9F9808AD26209A2300269A6B /* Base */,
			);
			name = LaunchScreen.storyboard;
			sourceTree = "<group>";
		};
/* End PBXVariantGroup section */

/* Begin XCBuildConfiguration section */
		9F9808B026209A2300269A6B /* Debug */ = {
			isa = XCBuildConfiguration;
			buildSettings = {
				ALWAYS_SEARCH_USER_PATHS = NO;
				CLANG_ANALYZER_NONNULL = YES;
				CLANG_ANALYZER_NUMBER_OBJECT_CONVERSION = YES_AGGRESSIVE;
				CLANG_CXX_LANGUAGE_STANDARD = "gnu++14";
				CLANG_CXX_LIBRARY = "libc++";
				CLANG_ENABLE_MODULES = YES;
				CLANG_ENABLE_OBJC_ARC = YES;
				CLANG_ENABLE_OBJC_WEAK = YES;
				CLANG_WARN_BLOCK_CAPTURE_AUTORELEASING = YES;
				CLANG_WARN_BOOL_CONVERSION = YES;
				CLANG_WARN_COMMA = YES;
				CLANG_WARN_CONSTANT_CONVERSION = YES;
				CLANG_WARN_DEPRECATED_OBJC_IMPLEMENTATIONS = YES;
				CLANG_WARN_DIRECT_OBJC_ISA_USAGE = YES_ERROR;
				CLANG_WARN_DOCUMENTATION_COMMENTS = YES;
				CLANG_WARN_EMPTY_BODY = YES;
				CLANG_WARN_ENUM_CONVERSION = YES;
				CLANG_WARN_INFINITE_RECURSION = YES;
				CLANG_WARN_INT_CONVERSION = YES;
				CLANG_WARN_NON_LITERAL_NULL_CONVERSION = YES;
				CLANG_WARN_OBJC_IMPLICIT_RETAIN_SELF = YES;
				CLANG_WARN_OBJC_LITERAL_CONVERSION = YES;
				CLANG_WARN_OBJC_ROOT_CLASS = YES_ERROR;
				CLANG_WARN_QUOTED_INCLUDE_IN_FRAMEWORK_HEADER = YES;
				CLANG_WARN_RANGE_LOOP_ANALYSIS = YES;
				CLANG_WARN_STRICT_PROTOTYPES = YES;
				CLANG_WARN_SUSPICIOUS_MOVE = YES;
				CLANG_WARN_UNGUARDED_AVAILABILITY = YES_AGGRESSIVE;
				CLANG_WARN_UNREACHABLE_CODE = YES;
				CLANG_WARN__DUPLICATE_METHOD_MATCH = YES;
				COPY_PHASE_STRIP = NO;
				DEBUG_INFORMATION_FORMAT = dwarf;
				ENABLE_STRICT_OBJC_MSGSEND = YES;
				ENABLE_TESTABILITY = YES;
				GCC_C_LANGUAGE_STANDARD = gnu11;
				GCC_DYNAMIC_NO_PIC = NO;
				GCC_NO_COMMON_BLOCKS = YES;
				GCC_OPTIMIZATION_LEVEL = 0;
				GCC_PREPROCESSOR_DEFINITIONS = (
					"DEBUG=1",
					"$(inherited)",
				);
				GCC_WARN_64_TO_32_BIT_CONVERSION = YES;
				GCC_WARN_ABOUT_RETURN_TYPE = YES_ERROR;
				GCC_WARN_UNDECLARED_SELECTOR = YES;
				GCC_WARN_UNINITIALIZED_AUTOS = YES_AGGRESSIVE;
				GCC_WARN_UNUSED_FUNCTION = YES;
				GCC_WARN_UNUSED_VARIABLE = YES;
				IPHONEOS_DEPLOYMENT_TARGET = 14.4;
				MTL_ENABLE_DEBUG_INFO = INCLUDE_SOURCE;
				MTL_FAST_MATH = YES;
				ONLY_ACTIVE_ARCH = YES;
				SDKROOT = iphoneos;
				SWIFT_ACTIVE_COMPILATION_CONDITIONS = DEBUG;
				SWIFT_OPTIMIZATION_LEVEL = "-Onone";
			};
			name = Debug;
		};
		9F9808B126209A2300269A6B /* Release */ = {
			isa = XCBuildConfiguration;
			buildSettings = {
				ALWAYS_SEARCH_USER_PATHS = NO;
				CLANG_ANALYZER_NONNULL = YES;
				CLANG_ANALYZER_NUMBER_OBJECT_CONVERSION = YES_AGGRESSIVE;
				CLANG_CXX_LANGUAGE_STANDARD = "gnu++14";
				CLANG_CXX_LIBRARY = "libc++";
				CLANG_ENABLE_MODULES = YES;
				CLANG_ENABLE_OBJC_ARC = YES;
				CLANG_ENABLE_OBJC_WEAK = YES;
				CLANG_WARN_BLOCK_CAPTURE_AUTORELEASING = YES;
				CLANG_WARN_BOOL_CONVERSION = YES;
				CLANG_WARN_COMMA = YES;
				CLANG_WARN_CONSTANT_CONVERSION = YES;
				CLANG_WARN_DEPRECATED_OBJC_IMPLEMENTATIONS = YES;
				CLANG_WARN_DIRECT_OBJC_ISA_USAGE = YES_ERROR;
				CLANG_WARN_DOCUMENTATION_COMMENTS = YES;
				CLANG_WARN_EMPTY_BODY = YES;
				CLANG_WARN_ENUM_CONVERSION = YES;
				CLANG_WARN_INFINITE_RECURSION = YES;
				CLANG_WARN_INT_CONVERSION = YES;
				CLANG_WARN_NON_LITERAL_NULL_CONVERSION = YES;
				CLANG_WARN_OBJC_IMPLICIT_RETAIN_SELF = YES;
				CLANG_WARN_OBJC_LITERAL_CONVERSION = YES;
				CLANG_WARN_OBJC_ROOT_CLASS = YES_ERROR;
				CLANG_WARN_QUOTED_INCLUDE_IN_FRAMEWORK_HEADER = YES;
				CLANG_WARN_RANGE_LOOP_ANALYSIS = YES;
				CLANG_WARN_STRICT_PROTOTYPES = YES;
				CLANG_WARN_SUSPICIOUS_MOVE = YES;
				CLANG_WARN_UNGUARDED_AVAILABILITY = YES_AGGRESSIVE;
				CLANG_WARN_UNREACHABLE_CODE = YES;
				CLANG_WARN__DUPLICATE_METHOD_MATCH = YES;
				COPY_PHASE_STRIP = NO;
				DEBUG_INFORMATION_FORMAT = "dwarf-with-dsym";
				ENABLE_NS_ASSERTIONS = NO;
				ENABLE_STRICT_OBJC_MSGSEND = YES;
				GCC_C_LANGUAGE_STANDARD = gnu11;
				GCC_NO_COMMON_BLOCKS = YES;
				GCC_WARN_64_TO_32_BIT_CONVERSION = YES;
				GCC_WARN_ABOUT_RETURN_TYPE = YES_ERROR;
				GCC_WARN_UNDECLARED_SELECTOR = YES;
				GCC_WARN_UNINITIALIZED_AUTOS = YES_AGGRESSIVE;
				GCC_WARN_UNUSED_FUNCTION = YES;
				GCC_WARN_UNUSED_VARIABLE = YES;
				IPHONEOS_DEPLOYMENT_TARGET = 14.4;
				MTL_ENABLE_DEBUG_INFO = NO;
				MTL_FAST_MATH = YES;
				SDKROOT = iphoneos;
				SWIFT_COMPILATION_MODE = wholemodule;
				SWIFT_OPTIMIZATION_LEVEL = "-O";
				VALIDATE_PRODUCT = YES;
			};
			name = Release;
		};
		9F9808B326209A2300269A6B /* Debug */ = {
			isa = XCBuildConfiguration;
			buildSettings = {
				ASSETCATALOG_COMPILER_APPICON_NAME = AppIcon;
				ASSETCATALOG_COMPILER_GLOBAL_ACCENT_COLOR_NAME = AccentColor;
				CODE_SIGN_STYLE = Automatic;
				INFOPLIST_FILE = robinclout/Info.plist;
				LD_RUNPATH_SEARCH_PATHS = (
					"$(inherited)",
					"@executable_path/Frameworks",
				);
				PRODUCT_BUNDLE_IDENTIFIER = hellyeah.robinclout;
				PRODUCT_NAME = "$(TARGET_NAME)";
				SWIFT_VERSION = 5.0;
				TARGETED_DEVICE_FAMILY = "1,2";
			};
			name = Debug;
		};
		9F9808B426209A2300269A6B /* Release */ = {
			isa = XCBuildConfiguration;
			buildSettings = {
				ASSETCATALOG_COMPILER_APPICON_NAME = AppIcon;
				ASSETCATALOG_COMPILER_GLOBAL_ACCENT_COLOR_NAME = AccentColor;
				CODE_SIGN_STYLE = Automatic;
				INFOPLIST_FILE = robinclout/Info.plist;
				LD_RUNPATH_SEARCH_PATHS = (
					"$(inherited)",
					"@executable_path/Frameworks",
				);
				PRODUCT_BUNDLE_IDENTIFIER = hellyeah.robinclout;
				PRODUCT_NAME = "$(TARGET_NAME)";
				SWIFT_VERSION = 5.0;
				TARGETED_DEVICE_FAMILY = "1,2";
			};
			name = Release;
		};
/* End XCBuildConfiguration section */

/* Begin XCConfigurationList section */
		9F98089926209A2300269A6B /* Build configuration list for PBXProject "robinclout" */ = {
			isa = XCConfigurationList;
			buildConfigurations = (
				9F9808B026209A2300269A6B /* Debug */,
				9F9808B126209A2300269A6B /* Release */,
			);
			defaultConfigurationIsVisible = 0;
			defaultConfigurationName = Release;
		};
		9F9808B226209A2300269A6B /* Build configuration list for PBXNativeTarget "robinclout" */ = {
			isa = XCConfigurationList;
			buildConfigurations = (
				9F9808B326209A2300269A6B /* Debug */,
				9F9808B426209A2300269A6B /* Release */,
			);
			defaultConfigurationIsVisible = 0;
			defaultConfigurationName = Release;
		};
/* End XCConfigurationList section */

/* Begin XCRemoteSwiftPackageReference section */
		9F79919D262204070000FB1E /* XCRemoteSwiftPackageReference "ludoclout" */ = {
			isa = XCRemoteSwiftPackageReference;
			repositoryURL = "https://github.com/hellyeah/ludoclout.git";
			requirement = {
				kind = upToNextMajorVersion;
				minimumVersion = 0.1.0;
			};
		};
/* End XCRemoteSwiftPackageReference section */

/* Begin XCSwiftPackageProductDependency section */
		9F79919E262204070000FB1E /* LudoClout */ = {
			isa = XCSwiftPackageProductDependency;
			package = 9F79919D262204070000FB1E /* XCRemoteSwiftPackageReference "ludoclout" */;
			productName = LudoClout;
		};
/* End XCSwiftPackageProductDependency section */
	};
	rootObject = 9F98089626209A2300269A6B /* Project object */;
}
